// !$*UTF8*$!
{
	archiveVersion = 1;
	classes = {
	};
	objectVersion = 77;
	objects = {

/* Begin PBXBuildFile section */
		7EEC9CB42DEA46E200D673AC /* ModelsR4 in Frameworks */ = {isa = PBXBuildFile; productRef = 7EEC9CB32DEA46E200D673AC /* ModelsR4 */; };
/* End PBXBuildFile section */

/* Begin PBXContainerItemProxy section */
		7EEC9C962DEA468B00D673AC /* PBXContainerItemProxy */ = {
			isa = PBXContainerItemProxy;
			containerPortal = 7EEC9C802DEA468A00D673AC /* Project object */;
			proxyType = 1;
			remoteGlobalIDString = 7EEC9C872DEA468A00D673AC;
			remoteInfo = LabReports;
		};
		7EEC9CA02DEA468B00D673AC /* PBXContainerItemProxy */ = {
			isa = PBXContainerItemProxy;
			containerPortal = 7EEC9C802DEA468A00D673AC /* Project object */;
			proxyType = 1;
			remoteGlobalIDString = 7EEC9C872DEA468A00D673AC;
			remoteInfo = LabReports;
		};
/* End PBXContainerItemProxy section */

/* Begin PBXFileReference section */
		7EEC9C882DEA468A00D673AC /* LabReports.app */ = {isa = PBXFileReference; explicitFileType = wrapper.application; includeInIndex = 0; path = LabReports.app; sourceTree = BUILT_PRODUCTS_DIR; };
		7EEC9C952DEA468B00D673AC /* LabReportsTests.xctest */ = {isa = PBXFileReference; explicitFileType = wrapper.cfbundle; includeInIndex = 0; path = LabReportsTests.xctest; sourceTree = BUILT_PRODUCTS_DIR; };
		7EEC9C9F2DEA468B00D673AC /* LabReportsUITests.xctest */ = {isa = PBXFileReference; explicitFileType = wrapper.cfbundle; includeInIndex = 0; path = LabReportsUITests.xctest; sourceTree = BUILT_PRODUCTS_DIR; };
/* End PBXFileReference section */

/* Begin PBXFileSystemSynchronizedRootGroup section */
		7EEC9C8A2DEA468A00D673AC /* LabReports */ = {
			isa = PBXFileSystemSynchronizedRootGroup;
			path = LabReports;
			sourceTree = "<group>";
		};
		7EEC9C982DEA468B00D673AC /* LabReportsTests */ = {
			isa = PBXFileSystemSynchronizedRootGroup;
			path = LabReportsTests;
			sourceTree = "<group>";
		};
		7EEC9CA22DEA468B00D673AC /* LabReportsUITests */ = {
			isa = PBXFileSystemSynchronizedRootGroup;
			path = LabReportsUITests;
			sourceTree = "<group>";
		};
/* End PBXFileSystemSynchronizedRootGroup section */

/* Begin PBXFrameworksBuildPhase section */
		7EEC9C852DEA468A00D673AC /* Frameworks */ = {
			isa = PBXFrameworksBuildPhase;
			buildActionMask = 2147483647;
			files = (
				7EEC9CB42DEA46E200D673AC /* ModelsR4 in Frameworks */,
			);
			runOnlyForDeploymentPostprocessing = 0;
		};
		7EEC9C922DEA468B00D673AC /* Frameworks */ = {
			isa = PBXFrameworksBuildPhase;
			buildActionMask = 2147483647;
			files = (
			);
			runOnlyForDeploymentPostprocessing = 0;
		};
		7EEC9C9C2DEA468B00D673AC /* Frameworks */ = {
			isa = PBXFrameworksBuildPhase;
			buildActionMask = 2147483647;
			files = (
			);
			runOnlyForDeploymentPostprocessing = 0;
		};
/* End PBXFrameworksBuildPhase section */

/* Begin PBXGroup section */
		7EEC9C7F2DEA468A00D673AC = {
			isa = PBXGroup;
			children = (
				7EEC9C8A2DEA468A00D673AC /* LabReports */,
				7EEC9C982DEA468B00D673AC /* LabReportsTests */,
				7EEC9CA22DEA468B00D673AC /* LabReportsUITests */,
				7EEC9C892DEA468A00D673AC /* Products */,
			);
			sourceTree = "<group>";
		};
		7EEC9C892DEA468A00D673AC /* Products */ = {
			isa = PBXGroup;
			children = (
				7EEC9C882DEA468A00D673AC /* LabReports.app */,
				7EEC9C952DEA468B00D673AC /* LabReportsTests.xctest */,
				7EEC9C9F2DEA468B00D673AC /* LabReportsUITests.xctest */,
			);
			name = Products;
			sourceTree = "<group>";
		};
/* End PBXGroup section */

/* Begin PBXNativeTarget section */
		7EEC9C872DEA468A00D673AC /* LabReports */ = {
			isa = PBXNativeTarget;
			buildConfigurationList = 7EEC9CA92DEA468B00D673AC /* Build configuration list for PBXNativeTarget "LabReports" */;
			buildPhases = (
				7EEC9C842DEA468A00D673AC /* Sources */,
				7EEC9C852DEA468A00D673AC /* Frameworks */,
				7EEC9C862DEA468A00D673AC /* Resources */,
			);
			buildRules = (
			);
			dependencies = (
			);
			fileSystemSynchronizedGroups = (
				7EEC9C8A2DEA468A00D673AC /* LabReports */,
			);
			name = LabReports;
			packageProductDependencies = (
				7EEC9CB32DEA46E200D673AC /* ModelsR4 */,
			);
			productName = LabReports;
			productReference = 7EEC9C882DEA468A00D673AC /* LabReports.app */;
			productType = "com.apple.product-type.application";
		};
		7EEC9C942DEA468B00D673AC /* LabReportsTests */ = {
			isa = PBXNativeTarget;
			buildConfigurationList = 7EEC9CAC2DEA468B00D673AC /* Build configuration list for PBXNativeTarget "LabReportsTests" */;
			buildPhases = (
				7EEC9C912DEA468B00D673AC /* Sources */,
				7EEC9C922DEA468B00D673AC /* Frameworks */,
				7EEC9C932DEA468B00D673AC /* Resources */,
			);
			buildRules = (
			);
			dependencies = (
				7EEC9C972DEA468B00D673AC /* PBXTargetDependency */,
			);
			fileSystemSynchronizedGroups = (
				7EEC9C982DEA468B00D673AC /* LabReportsTests */,
			);
			name = LabReportsTests;
			packageProductDependencies = (
			);
			productName = LabReportsTests;
			productReference = 7EEC9C952DEA468B00D673AC /* LabReportsTests.xctest */;
			productType = "com.apple.product-type.bundle.unit-test";
		};
		7EEC9C9E2DEA468B00D673AC /* LabReportsUITests */ = {
			isa = PBXNativeTarget;
			buildConfigurationList = 7EEC9CAF2DEA468B00D673AC /* Build configuration list for PBXNativeTarget "LabReportsUITests" */;
			buildPhases = (
				7EEC9C9B2DEA468B00D673AC /* Sources */,
				7EEC9C9C2DEA468B00D673AC /* Frameworks */,
				7EEC9C9D2DEA468B00D673AC /* Resources */,
			);
			buildRules = (
			);
			dependencies = (
				7EEC9CA12DEA468B00D673AC /* PBXTargetDependency */,
			);
			fileSystemSynchronizedGroups = (
				7EEC9CA22DEA468B00D673AC /* LabReportsUITests */,
			);
			name = LabReportsUITests;
			packageProductDependencies = (
			);
			productName = LabReportsUITests;
			productReference = 7EEC9C9F2DEA468B00D673AC /* LabReportsUITests.xctest */;
			productType = "com.apple.product-type.bundle.ui-testing";
		};
/* End PBXNativeTarget section */

/* Begin PBXProject section */
		7EEC9C802DEA468A00D673AC /* Project object */ = {
			isa = PBXProject;
			attributes = {
				BuildIndependentTargetsInParallel = 1;
				LastSwiftUpdateCheck = 1630;
				LastUpgradeCheck = 1630;
				TargetAttributes = {
					7EEC9C872DEA468A00D673AC = {
						CreatedOnToolsVersion = 16.3;
					};
					7EEC9C942DEA468B00D673AC = {
						CreatedOnToolsVersion = 16.3;
						TestTargetID = 7EEC9C872DEA468A00D673AC;
					};
					7EEC9C9E2DEA468B00D673AC = {
						CreatedOnToolsVersion = 16.3;
						TestTargetID = 7EEC9C872DEA468A00D673AC;
					};
				};
			};
			buildConfigurationList = 7EEC9C832DEA468A00D673AC /* Build configuration list for PBXProject "LabReports" */;
			developmentRegion = en;
			hasScannedForEncodings = 0;
			knownRegions = (
				en,
				Base,
			);
			mainGroup = 7EEC9C7F2DEA468A00D673AC;
			minimizedProjectReferenceProxies = 1;
			packageReferences = (
				7EEC9CB22DEA46E200D673AC /* XCRemoteSwiftPackageReference "FHIRModels" */,
			);
			preferredProjectObjectVersion = 77;
			productRefGroup = 7EEC9C892DEA468A00D673AC /* Products */;
			projectDirPath = "";
			projectRoot = "";
			targets = (
				7EEC9C872DEA468A00D673AC /* LabReports */,
				7EEC9C942DEA468B00D673AC /* LabReportsTests */,
				7EEC9C9E2DEA468B00D673AC /* LabReportsUITests */,
			);
		};
/* End PBXProject section */

/* Begin PBXResourcesBuildPhase section */
		7EEC9C862DEA468A00D673AC /* Resources */ = {
			isa = PBXResourcesBuildPhase;
			buildActionMask = 2147483647;
			files = (
			);
			runOnlyForDeploymentPostprocessing = 0;
		};
		7EEC9C932DEA468B00D673AC /* Resources */ = {
			isa = PBXResourcesBuildPhase;
			buildActionMask = 2147483647;
			files = (
			);
			runOnlyForDeploymentPostprocessing = 0;
		};
		7EEC9C9D2DEA468B00D673AC /* Resources */ = {
			isa = PBXResourcesBuildPhase;
			buildActionMask = 2147483647;
			files = (
			);
			runOnlyForDeploymentPostprocessing = 0;
		};
/* End PBXResourcesBuildPhase section */

/* Begin PBXSourcesBuildPhase section */
		7EEC9C842DEA468A00D673AC /* Sources */ = {
			isa = PBXSourcesBuildPhase;
			buildActionMask = 2147483647;
			files = (
			);
			runOnlyForDeploymentPostprocessing = 0;
		};
		7EEC9C912DEA468B00D673AC /* Sources */ = {
			isa = PBXSourcesBuildPhase;
			buildActionMask = 2147483647;
			files = (
			);
			runOnlyForDeploymentPostprocessing = 0;
		};
		7EEC9C9B2DEA468B00D673AC /* Sources */ = {
			isa = PBXSourcesBuildPhase;
			buildActionMask = 2147483647;
			files = (
			);
			runOnlyForDeploymentPostprocessing = 0;
		};
/* End PBXSourcesBuildPhase section */

/* Begin PBXTargetDependency section */
		7EEC9C972DEA468B00D673AC /* PBXTargetDependency */ = {
			isa = PBXTargetDependency;
			target = 7EEC9C872DEA468A00D673AC /* LabReports */;
			targetProxy = 7EEC9C962DEA468B00D673AC /* PBXContainerItemProxy */;
		};
		7EEC9CA12DEA468B00D673AC /* PBXTargetDependency */ = {
			isa = PBXTargetDependency;
			target = 7EEC9C872DEA468A00D673AC /* LabReports */;
			targetProxy = 7EEC9CA02DEA468B00D673AC /* PBXContainerItemProxy */;
		};
/* End PBXTargetDependency section */

/* Begin XCBuildConfiguration section */
		7EEC9CA72DEA468B00D673AC /* Debug */ = {
			isa = XCBuildConfiguration;
			buildSettings = {
				ALWAYS_SEARCH_USER_PATHS = NO;
				ASSETCATALOG_COMPILER_GENERATE_SWIFT_ASSET_SYMBOL_EXTENSIONS = YES;
				CLANG_ANALYZER_NONNULL = YES;
				CLANG_ANALYZER_NUMBER_OBJECT_CONVERSION = YES_AGGRESSIVE;
				CLANG_CXX_LANGUAGE_STANDARD = "gnu++20";
				CLANG_ENABLE_MODULES = YES;
				CLANG_ENABLE_OBJC_ARC = YES;
				CLANG_ENABLE_OBJC_WEAK = YES;
				CLANG_WARN_BLOCK_CAPTURE_AUTORELEASING = YES;
				CLANG_WARN_BOOL_CONVERSION = YES;
				CLANG_WARN_COMMA = YES;
				CLANG_WARN_CONSTANT_CONVERSION = YES;
				CLANG_WARN_DEPRECATED_OBJC_IMPLEMENTATIONS = YES;
				CLANG_WARN_DIRECT_OBJC_ISA_USAGE = YES_ERROR;
				CLANG_WARN_DOCUMENTATION_COMMENTS = YES;
				CLANG_WARN_EMPTY_BODY = YES;
				CLANG_WARN_ENUM_CONVERSION = YES;
				CLANG_WARN_INFINITE_RECURSION = YES;
				CLANG_WARN_INT_CONVERSION = YES;
				CLANG_WARN_NON_LITERAL_NULL_CONVERSION = YES;
				CLANG_WARN_OBJC_IMPLICIT_RETAIN_SELF = YES;
				CLANG_WARN_OBJC_LITERAL_CONVERSION = YES;
				CLANG_WARN_OBJC_ROOT_CLASS = YES_ERROR;
				CLANG_WARN_QUOTED_INCLUDE_IN_FRAMEWORK_HEADER = YES;
				CLANG_WARN_RANGE_LOOP_ANALYSIS = YES;
				CLANG_WARN_STRICT_PROTOTYPES = YES;
				CLANG_WARN_SUSPICIOUS_MOVE = YES;
				CLANG_WARN_UNGUARDED_AVAILABILITY = YES_AGGRESSIVE;
				CLANG_WARN_UNREACHABLE_CODE = YES;
				CLANG_WARN__DUPLICATE_METHOD_MATCH = YES;
				COPY_PHASE_STRIP = NO;
				DEBUG_INFORMATION_FORMAT = dwarf;
				DEVELOPMENT_TEAM = CR9GS763GX;
				ENABLE_STRICT_OBJC_MSGSEND = YES;
				ENABLE_TESTABILITY = YES;
				ENABLE_USER_SCRIPT_SANDBOXING = YES;
				GCC_C_LANGUAGE_STANDARD = gnu17;
				GCC_DYNAMIC_NO_PIC = NO;
				GCC_NO_COMMON_BLOCKS = YES;
				GCC_OPTIMIZATION_LEVEL = 0;
				GCC_PREPROCESSOR_DEFINITIONS = (
					"DEBUG=1",
					"$(inherited)",
				);
				GCC_WARN_64_TO_32_BIT_CONVERSION = YES;
				GCC_WARN_ABOUT_RETURN_TYPE = YES_ERROR;
				GCC_WARN_UNDECLARED_SELECTOR = YES;
				GCC_WARN_UNINITIALIZED_AUTOS = YES_AGGRESSIVE;
				GCC_WARN_UNUSED_FUNCTION = YES;
				GCC_WARN_UNUSED_VARIABLE = YES;
				IPHONEOS_DEPLOYMENT_TARGET = 18.4;
				LOCALIZATION_PREFERS_STRING_CATALOGS = YES;
				MTL_ENABLE_DEBUG_INFO = INCLUDE_SOURCE;
				MTL_FAST_MATH = YES;
				ONLY_ACTIVE_ARCH = YES;
				SDKROOT = iphoneos;
				SWIFT_ACTIVE_COMPILATION_CONDITIONS = "DEBUG $(inherited)";
				SWIFT_OPTIMIZATION_LEVEL = "-Onone";
			};
			name = Debug;
		};
		7EEC9CA82DEA468B00D673AC /* Release */ = {
			isa = XCBuildConfiguration;
			buildSettings = {
				ALWAYS_SEARCH_USER_PATHS = NO;
				ASSETCATALOG_COMPILER_GENERATE_SWIFT_ASSET_SYMBOL_EXTENSIONS = YES;
				CLANG_ANALYZER_NONNULL = YES;
				CLANG_ANALYZER_NUMBER_OBJECT_CONVERSION = YES_AGGRESSIVE;
				CLANG_CXX_LANGUAGE_STANDARD = "gnu++20";
				CLANG_ENABLE_MODULES = YES;
				CLANG_ENABLE_OBJC_ARC = YES;
				CLANG_ENABLE_OBJC_WEAK = YES;
				CLANG_WARN_BLOCK_CAPTURE_AUTORELEASING = YES;
				CLANG_WARN_BOOL_CONVERSION = YES;
				CLANG_WARN_COMMA = YES;
				CLANG_WARN_CONSTANT_CONVERSION = YES;
				CLANG_WARN_DEPRECATED_OBJC_IMPLEMENTATIONS = YES;
				CLANG_WARN_DIRECT_OBJC_ISA_USAGE = YES_ERROR;
				CLANG_WARN_DOCUMENTATION_COMMENTS = YES;
				CLANG_WARN_EMPTY_BODY = YES;
				CLANG_WARN_ENUM_CONVERSION = YES;
				CLANG_WARN_INFINITE_RECURSION = YES;
				CLANG_WARN_INT_CONVERSION = YES;
				CLANG_WARN_NON_LITERAL_NULL_CONVERSION = YES;
				CLANG_WARN_OBJC_IMPLICIT_RETAIN_SELF = YES;
				CLANG_WARN_OBJC_LITERAL_CONVERSION = YES;
				CLANG_WARN_OBJC_ROOT_CLASS = YES_ERROR;
				CLANG_WARN_QUOTED_INCLUDE_IN_FRAMEWORK_HEADER = YES;
				CLANG_WARN_RANGE_LOOP_ANALYSIS = YES;
				CLANG_WARN_STRICT_PROTOTYPES = YES;
				CLANG_WARN_SUSPICIOUS_MOVE = YES;
				CLANG_WARN_UNGUARDED_AVAILABILITY = YES_AGGRESSIVE;
				CLANG_WARN_UNREACHABLE_CODE = YES;
				CLANG_WARN__DUPLICATE_METHOD_MATCH = YES;
				COPY_PHASE_STRIP = NO;
				DEBUG_INFORMATION_FORMAT = "dwarf-with-dsym";
				DEVELOPMENT_TEAM = CR9GS763GX;
				ENABLE_NS_ASSERTIONS = NO;
				ENABLE_STRICT_OBJC_MSGSEND = YES;
				ENABLE_USER_SCRIPT_SANDBOXING = YES;
				GCC_C_LANGUAGE_STANDARD = gnu17;
				GCC_NO_COMMON_BLOCKS = YES;
				GCC_WARN_64_TO_32_BIT_CONVERSION = YES;
				GCC_WARN_ABOUT_RETURN_TYPE = YES_ERROR;
				GCC_WARN_UNDECLARED_SELECTOR = YES;
				GCC_WARN_UNINITIALIZED_AUTOS = YES_AGGRESSIVE;
				GCC_WARN_UNUSED_FUNCTION = YES;
				GCC_WARN_UNUSED_VARIABLE = YES;
				IPHONEOS_DEPLOYMENT_TARGET = 18.4;
				LOCALIZATION_PREFERS_STRING_CATALOGS = YES;
				MTL_ENABLE_DEBUG_INFO = NO;
				MTL_FAST_MATH = YES;
				SDKROOT = iphoneos;
				SWIFT_COMPILATION_MODE = wholemodule;
				VALIDATE_PRODUCT = YES;
			};
			name = Release;
		};
		7EEC9CAA2DEA468B00D673AC /* Debug */ = {
			isa = XCBuildConfiguration;
			buildSettings = {
				ASSETCATALOG_COMPILER_APPICON_NAME = AppIcon;
				ASSETCATALOG_COMPILER_GLOBAL_ACCENT_COLOR_NAME = AccentColor;
				CODE_SIGN_STYLE = Automatic;
				CURRENT_PROJECT_VERSION = 1;
				DEVELOPMENT_TEAM = CR9GS763GX;
				ENABLE_PREVIEWS = YES;
				GENERATE_INFOPLIST_FILE = YES;
				INFOPLIST_KEY_UIApplicationSceneManifest_Generation = YES;
				INFOPLIST_KEY_UIApplicationSupportsIndirectInputEvents = YES;
				INFOPLIST_KEY_UILaunchScreen_Generation = YES;
				INFOPLIST_KEY_UILaunchStoryboardName = LaunchScreen.storyboard;
				INFOPLIST_KEY_UISupportedInterfaceOrientations = UIInterfaceOrientationPortrait;
				INFOPLIST_KEY_UISupportedInterfaceOrientations_iPad = "UIInterfaceOrientationLandscapeLeft UIInterfaceOrientationLandscapeRight UIInterfaceOrientationPortrait UIInterfaceOrientationPortraitUpsideDown";
				LD_RUNPATH_SEARCH_PATHS = (
					"$(inherited)",
					"@executable_path/Frameworks",
				);
				MARKETING_VERSION = 1.0;
				PRODUCT_BUNDLE_IDENTIFIER = timcz.ca.LabReports;
				PRODUCT_NAME = "$(TARGET_NAME)";
				SUPPORTED_PLATFORMS = "iphoneos iphonesimulator";
				SUPPORTS_MACCATALYST = NO;
				SUPPORTS_MAC_DESIGNED_FOR_IPHONE_IPAD = NO;
				SUPPORTS_XR_DESIGNED_FOR_IPHONE_IPAD = NO;
				SWIFT_EMIT_LOC_STRINGS = YES;
				SWIFT_VERSION = 5.0;
				TARGETED_DEVICE_FAMILY = 1;
			};
			name = Debug;
		};
		7EEC9CAB2DEA468B00D673AC /* Release */ = {
			isa = XCBuildConfiguration;
			buildSettings = {
				ASSETCATALOG_COMPILER_APPICON_NAME = AppIcon;
				ASSETCATALOG_COMPILER_GLOBAL_ACCENT_COLOR_NAME = AccentColor;
				CODE_SIGN_STYLE = Automatic;
				CURRENT_PROJECT_VERSION = 1;
				DEVELOPMENT_TEAM = CR9GS763GX;
				ENABLE_PREVIEWS = YES;
				GENERATE_INFOPLIST_FILE = YES;
				INFOPLIST_KEY_UIApplicationSceneManifest_Generation = YES;
				INFOPLIST_KEY_UIApplicationSupportsIndirectInputEvents = YES;
				INFOPLIST_KEY_UILaunchScreen_Generation = YES;
				INFOPLIST_KEY_UILaunchStoryboardName = LaunchScreen.storyboard;
				INFOPLIST_KEY_UISupportedInterfaceOrientations = UIInterfaceOrientationPortrait;
				INFOPLIST_KEY_UISupportedInterfaceOrientations_iPad = "UIInterfaceOrientationLandscapeLeft UIInterfaceOrientationLandscapeRight UIInterfaceOrientationPortrait UIInterfaceOrientationPortraitUpsideDown";
				LD_RUNPATH_SEARCH_PATHS = (
					"$(inherited)",
					"@executable_path/Frameworks",
				);
				MARKETING_VERSION = 1.0;
				PRODUCT_BUNDLE_IDENTIFIER = timcz.ca.LabReports;
				PRODUCT_NAME = "$(TARGET_NAME)";
				SUPPORTED_PLATFORMS = "iphoneos iphonesimulator";
				SUPPORTS_MACCATALYST = NO;
				SUPPORTS_MAC_DESIGNED_FOR_IPHONE_IPAD = NO;
				SUPPORTS_XR_DESIGNED_FOR_IPHONE_IPAD = NO;
				SWIFT_EMIT_LOC_STRINGS = YES;
				SWIFT_VERSION = 5.0;
				TARGETED_DEVICE_FAMILY = 1;
			};
			name = Release;
		};
		7EEC9CAD2DEA468B00D673AC /* Debug */ = {
			isa = XCBuildConfiguration;
			buildSettings = {
				BUNDLE_LOADER = "$(TEST_HOST)";
				CODE_SIGN_STYLE = Automatic;
				CURRENT_PROJECT_VERSION = 1;
				DEVELOPMENT_TEAM = CR9GS763GX;
				GENERATE_INFOPLIST_FILE = YES;
				IPHONEOS_DEPLOYMENT_TARGET = 18.4;
				MARKETING_VERSION = 1.0;
				PRODUCT_BUNDLE_IDENTIFIER = timcz.ca.LabReportsTests;
				PRODUCT_NAME = "$(TARGET_NAME)";
				SWIFT_EMIT_LOC_STRINGS = NO;
				SWIFT_VERSION = 5.0;
				TARGETED_DEVICE_FAMILY = "1,2";
				TEST_HOST = "$(BUILT_PRODUCTS_DIR)/LabReports.app/$(BUNDLE_EXECUTABLE_FOLDER_PATH)/LabReports";
			};
			name = Debug;
		};
		7EEC9CAE2DEA468B00D673AC /* Release */ = {
			isa = XCBuildConfiguration;
			buildSettings = {
				BUNDLE_LOADER = "$(TEST_HOST)";
				CODE_SIGN_STYLE = Automatic;
				CURRENT_PROJECT_VERSION = 1;
				DEVELOPMENT_TEAM = CR9GS763GX;
				GENERATE_INFOPLIST_FILE = YES;
				IPHONEOS_DEPLOYMENT_TARGET = 18.4;
				MARKETING_VERSION = 1.0;
				PRODUCT_BUNDLE_IDENTIFIER = timcz.ca.LabReportsTests;
				PRODUCT_NAME = "$(TARGET_NAME)";
				SWIFT_EMIT_LOC_STRINGS = NO;
				SWIFT_VERSION = 5.0;
				TARGETED_DEVICE_FAMILY = "1,2";
				TEST_HOST = "$(BUILT_PRODUCTS_DIR)/LabReports.app/$(BUNDLE_EXECUTABLE_FOLDER_PATH)/LabReports";
			};
			name = Release;
		};
		7EEC9CB02DEA468B00D673AC /* Debug */ = {
			isa = XCBuildConfiguration;
			buildSettings = {
				CODE_SIGN_STYLE = Automatic;
				CURRENT_PROJECT_VERSION = 1;
				DEVELOPMENT_TEAM = CR9GS763GX;
				GENERATE_INFOPLIST_FILE = YES;
				MARKETING_VERSION = 1.0;
				PRODUCT_BUNDLE_IDENTIFIER = timcz.ca.LabReportsUITests;
				PRODUCT_NAME = "$(TARGET_NAME)";
				SWIFT_EMIT_LOC_STRINGS = NO;
				SWIFT_VERSION = 5.0;
				TARGETED_DEVICE_FAMILY = "1,2";
				TEST_TARGET_NAME = LabReports;
			};
			name = Debug;
		};
		7EEC9CB12DEA468B00D673AC /* Release */ = {
			isa = XCBuildConfiguration;
			buildSettings = {
				CODE_SIGN_STYLE = Automatic;
				CURRENT_PROJECT_VERSION = 1;
				DEVELOPMENT_TEAM = CR9GS763GX;
				GENERATE_INFOPLIST_FILE = YES;
				MARKETING_VERSION = 1.0;
				PRODUCT_BUNDLE_IDENTIFIER = timcz.ca.LabReportsUITests;
				PRODUCT_NAME = "$(TARGET_NAME)";
				SWIFT_EMIT_LOC_STRINGS = NO;
				SWIFT_VERSION = 5.0;
				TARGETED_DEVICE_FAMILY = "1,2";
				TEST_TARGET_NAME = LabReports;
			};
			name = Release;
		};
/* End XCBuildConfiguration section */

/* Begin XCConfigurationList section */
		7EEC9C832DEA468A00D673AC /* Build configuration list for PBXProject "LabReports" */ = {
			isa = XCConfigurationList;
			buildConfigurations = (
				7EEC9CA72DEA468B00D673AC /* Debug */,
				7EEC9CA82DEA468B00D673AC /* Release */,
			);
			defaultConfigurationIsVisible = 0;
			defaultConfigurationName = Release;
		};
		7EEC9CA92DEA468B00D673AC /* Build configuration list for PBXNativeTarget "LabReports" */ = {
			isa = XCConfigurationList;
			buildConfigurations = (
				7EEC9CAA2DEA468B00D673AC /* Debug */,
				7EEC9CAB2DEA468B00D673AC /* Release */,
			);
			defaultConfigurationIsVisible = 0;
			defaultConfigurationName = Release;
		};
		7EEC9CAC2DEA468B00D673AC /* Build configuration list for PBXNativeTarget "LabReportsTests" */ = {
			isa = XCConfigurationList;
			buildConfigurations = (
				7EEC9CAD2DEA468B00D673AC /* Debug */,
				7EEC9CAE2DEA468B00D673AC /* Release */,
			);
			defaultConfigurationIsVisible = 0;
			defaultConfigurationName = Release;
		};
		7EEC9CAF2DEA468B00D673AC /* Build configuration list for PBXNativeTarget "LabReportsUITests" */ = {
			isa = XCConfigurationList;
			buildConfigurations = (
				7EEC9CB02DEA468B00D673AC /* Debug */,
				7EEC9CB12DEA468B00D673AC /* Release */,
			);
			defaultConfigurationIsVisible = 0;
			defaultConfigurationName = Release;
		};
/* End XCConfigurationList section */

/* Begin XCRemoteSwiftPackageReference section */
		7EEC9CB22DEA46E200D673AC /* XCRemoteSwiftPackageReference "FHIRModels" */ = {
			isa = XCRemoteSwiftPackageReference;
			repositoryURL = "https://github.com/apple/FHIRModels";
			requirement = {
				kind = upToNextMajorVersion;
				minimumVersion = 0.7.0;
			};
		};
/* End XCRemoteSwiftPackageReference section */

/* Begin XCSwiftPackageProductDependency section */
		7EEC9CB32DEA46E200D673AC /* ModelsR4 */ = {
			isa = XCSwiftPackageProductDependency;
			package = 7EEC9CB22DEA46E200D673AC /* XCRemoteSwiftPackageReference "FHIRModels" */;
			productName = ModelsR4;
		};
/* End XCSwiftPackageProductDependency section */
	};
	rootObject = 7EEC9C802DEA468A00D673AC /* Project object */;
}
